
Microsoft Visual Studio Solution File, Format Version 12.00
# Visual Studio Version 17
VisualStudioVersion = 17.7.34202.233
MinimumVisualStudioVersion = 10.0.40219.1
Project("{FAE04EC0-301F-11D3-BF4B-00C04F79EFBC}") = "Proiect", "Proiect\Proiect.csproj", "{002117ED-94A0-4898-BBA4-05693E515F62}"
EndProject
Global
	GlobalSection(SolutionConfigurationPlatforms) = preSolution
		Debug|Any CPU = Debug|Any CPU
		Release|Any CPU = Release|Any CPU
	EndGlobalSection
	GlobalSection(ProjectConfigurationPlatforms) = postSolution
		{002117ED-94A0-4898-BBA4-05693E515F62}.Debug|Any CPU.ActiveCfg = Debug|Any CPU
		{002117ED-94A0-4898-BBA4-05693E515F62}.Debug|Any CPU.Build.0 = Debug|Any CPU
		{002117ED-94A0-4898-BBA4-05693E515F62}.Release|Any CPU.ActiveCfg = Release|Any CPU
		{002117ED-94A0-4898-BBA4-05693E515F62}.Release|Any CPU.Build.0 = Release|Any CPU
	EndGlobalSection
	GlobalSection(SolutionProperties) = preSolution
		HideSolutionNode = FALSE
	EndGlobalSection
	GlobalSection(ExtensibilityGlobals) = postSolution
		SolutionGuid = {4664DBB5-E76D-439B-8359-7A2E0DA0B662}
	EndGlobalSection
EndGlobal
